// !$*UTF8*$!
{
	archiveVersion = 1;
	classes = {
	};
	objectVersion = 50;
	objects = {

/* Begin PBXBuildFile section */
		8039728022BC1F86006F26A8 /* MemoViewController.swift in Sources */ = {isa = PBXBuildFile; fileRef = 8039727E22BC1F86006F26A8 /* MemoViewController.swift */; };
		8039728122BC1F86006F26A8 /* MemoViewController.xib in Resources */ = {isa = PBXBuildFile; fileRef = 8039727F22BC1F86006F26A8 /* MemoViewController.xib */; };
		8039728522BC9222006F26A8 /* AddmemoViewController.swift in Sources */ = {isa = PBXBuildFile; fileRef = 8039728422BC9222006F26A8 /* AddmemoViewController.swift */; };
		8039728A22BD1D09006F26A8 /* DetailViewController.swift in Sources */ = {isa = PBXBuildFile; fileRef = 8039728922BD1D09006F26A8 /* DetailViewController.swift */; };
		80E61C6E22861474006EF07A /* AppDelegate.swift in Sources */ = {isa = PBXBuildFile; fileRef = 80E61C6D22861474006EF07A /* AppDelegate.swift */; };
		80E61C7022861474006EF07A /* ViewController.swift in Sources */ = {isa = PBXBuildFile; fileRef = 80E61C6F22861474006EF07A /* ViewController.swift */; };
		80E61C7322861474006EF07A /* Main.storyboard in Resources */ = {isa = PBXBuildFile; fileRef = 80E61C7122861474006EF07A /* Main.storyboard */; };
		80E61C7522861478006EF07A /* Assets.xcassets in Resources */ = {isa = PBXBuildFile; fileRef = 80E61C7422861478006EF07A /* Assets.xcassets */; };
		80E61C7822861478006EF07A /* LaunchScreen.storyboard in Resources */ = {isa = PBXBuildFile; fileRef = 80E61C7622861478006EF07A /* LaunchScreen.storyboard */; };
/* End PBXBuildFile section */

/* Begin PBXFileReference section */
		8039727E22BC1F86006F26A8 /* MemoViewController.swift */ = {isa = PBXFileReference; lastKnownFileType = sourcecode.swift; path = MemoViewController.swift; sourceTree = "<group>"; };
		8039727F22BC1F86006F26A8 /* MemoViewController.xib */ = {isa = PBXFileReference; lastKnownFileType = file.xib; path = MemoViewController.xib; sourceTree = "<group>"; };
		8039728422BC9222006F26A8 /* AddmemoViewController.swift */ = {isa = PBXFileReference; lastKnownFileType = sourcecode.swift; path = AddmemoViewController.swift; sourceTree = "<group>"; };
		8039728922BD1D09006F26A8 /* DetailViewController.swift */ = {isa = PBXFileReference; lastKnownFileType = sourcecode.swift; path = DetailViewController.swift; sourceTree = "<group>"; };
		80E61C6A22861474006EF07A /* thisisfinal.app */ = {isa = PBXFileReference; explicitFileType = wrapper.application; includeInIndex = 0; path = thisisfinal.app; sourceTree = BUILT_PRODUCTS_DIR; };
		80E61C6D22861474006EF07A /* AppDelegate.swift */ = {isa = PBXFileReference; lastKnownFileType = sourcecode.swift; path = AppDelegate.swift; sourceTree = "<group>"; };
		80E61C6F22861474006EF07A /* ViewController.swift */ = {isa = PBXFileReference; lastKnownFileType = sourcecode.swift; path = ViewController.swift; sourceTree = "<group>"; };
		80E61C7222861474006EF07A /* Base */ = {isa = PBXFileReference; lastKnownFileType = file.storyboard; name = Base; path = Base.lproj/Main.storyboard; sourceTree = "<group>"; };
		80E61C7422861478006EF07A /* Assets.xcassets */ = {isa = PBXFileReference; lastKnownFileType = folder.assetcatalog; path = Assets.xcassets; sourceTree = "<group>"; };
		80E61C7722861478006EF07A /* Base */ = {isa = PBXFileReference; lastKnownFileType = file.storyboard; name = Base; path = Base.lproj/LaunchScreen.storyboard; sourceTree = "<group>"; };
		80E61C7922861478006EF07A /* Info.plist */ = {isa = PBXFileReference; lastKnownFileType = text.plist.xml; path = Info.plist; sourceTree = "<group>"; };
/* End PBXFileReference section */

/* Begin PBXFrameworksBuildPhase section */
		80E61C6722861474006EF07A /* Frameworks */ = {
			isa = PBXFrameworksBuildPhase;
			buildActionMask = 2147483647;
			files = (
			);
			runOnlyForDeploymentPostprocessing = 0;
		};
/* End PBXFrameworksBuildPhase section */

/* Begin PBXGroup section */
		80E61C6122861474006EF07A = {
			isa = PBXGroup;
			children = (
				80E61C6C22861474006EF07A /* thisisfinal */,
				80E61C6B22861474006EF07A /* Products */,
			);
			sourceTree = "<group>";
		};
		80E61C6B22861474006EF07A /* Products */ = {
			isa = PBXGroup;
			children = (
				80E61C6A22861474006EF07A /* thisisfinal.app */,
			);
			name = Products;
			sourceTree = "<group>";
		};
		80E61C6C22861474006EF07A /* thisisfinal */ = {
			isa = PBXGroup;
			children = (
				80E61C6D22861474006EF07A /* AppDelegate.swift */,
				80E61C6F22861474006EF07A /* ViewController.swift */,
				8039728422BC9222006F26A8 /* AddmemoViewController.swift */,
				8039728922BD1D09006F26A8 /* DetailViewController.swift */,
				8039727E22BC1F86006F26A8 /* MemoViewController.swift */,
				8039727F22BC1F86006F26A8 /* MemoViewController.xib */,
				80E61C7122861474006EF07A /* Main.storyboard */,
				80E61C7422861478006EF07A /* Assets.xcassets */,
				80E61C7622861478006EF07A /* LaunchScreen.storyboard */,
				80E61C7922861478006EF07A /* Info.plist */,
			);
			path = thisisfinal;
			sourceTree = "<group>";
		};
/* End PBXGroup section */

/* Begin PBXNativeTarget section */
		80E61C6922861474006EF07A /* thisisfinal */ = {
			isa = PBXNativeTarget;
			buildConfigurationList = 80E61C7C22861478006EF07A /* Build configuration list for PBXNativeTarget "thisisfinal" */;
			buildPhases = (
				80E61C6622861474006EF07A /* Sources */,
				80E61C6722861474006EF07A /* Frameworks */,
				80E61C6822861474006EF07A /* Resources */,
			);
			buildRules = (
			);
			dependencies = (
			);
			name = thisisfinal;
			productName = thisisfinal;
			productReference = 80E61C6A22861474006EF07A /* thisisfinal.app */;
			productType = "com.apple.product-type.application";
		};
/* End PBXNativeTarget section */

/* Begin PBXProject section */
		80E61C6222861474006EF07A /* Project object */ = {
			isa = PBXProject;
			attributes = {
				LastSwiftUpdateCheck = 1020;
				LastUpgradeCheck = 1020;
				ORGANIZATIONNAME = "Arisa Muto";
				TargetAttributes = {
					80E61C6922861474006EF07A = {
						CreatedOnToolsVersion = 10.2;
					};
				};
			};
			buildConfigurationList = 80E61C6522861474006EF07A /* Build configuration list for PBXProject "thisisfinal" */;
			compatibilityVersion = "Xcode 9.3";
			developmentRegion = en;
			hasScannedForEncodings = 0;
			knownRegions = (
				en,
				Base,
			);
			mainGroup = 80E61C6122861474006EF07A;
			productRefGroup = 80E61C6B22861474006EF07A /* Products */;
			projectDirPath = "";
			projectRoot = "";
			targets = (
				80E61C6922861474006EF07A /* thisisfinal */,
			);
		};
/* End PBXProject section */

/* Begin PBXResourcesBuildPhase section */
		80E61C6822861474006EF07A /* Resources */ = {
			isa = PBXResourcesBuildPhase;
			buildActionMask = 2147483647;
			files = (
				8039728122BC1F86006F26A8 /* MemoViewController.xib in Resources */,
				80E61C7822861478006EF07A /* LaunchScreen.storyboard in Resources */,
				80E61C7522861478006EF07A /* Assets.xcassets in Resources */,
				80E61C7322861474006EF07A /* Main.storyboard in Resources */,
			);
			runOnlyForDeploymentPostprocessing = 0;
		};
/* End PBXResourcesBuildPhase section */

/* Begin PBXSourcesBuildPhase section */
		80E61C6622861474006EF07A /* Sources */ = {
			isa = PBXSourcesBuildPhase;
			buildActionMask = 2147483647;
			files = (
				80E61C7022861474006EF07A /* ViewController.swift in Sources */,
				8039728522BC9222006F26A8 /* AddmemoViewController.swift in Sources */,
				8039728A22BD1D09006F26A8 /* DetailViewController.swift in Sources */,
				80E61C6E22861474006EF07A /* AppDelegate.swift in Sources */,
				8039728022BC1F86006F26A8 /* MemoViewController.swift in Sources */,
			);
			runOnlyForDeploymentPostprocessing = 0;
		};
/* End PBXSourcesBuildPhase section */

/* Begin PBXVariantGroup section */
		80E61C7122861474006EF07A /* Main.storyboard */ = {
			isa = PBXVariantGroup;
			children = (
				80E61C7222861474006EF07A /* Base */,
			);
			name = Main.storyboard;
			sourceTree = "<group>";
		};
		80E61C7622861478006EF07A /* LaunchScreen.storyboard */ = {
			isa = PBXVariantGroup;
			children = (
				80E61C7722861478006EF07A /* Base */,
			);
			name = LaunchScreen.storyboard;
			sourceTree = "<group>";
		};
/* End PBXVariantGroup section */

/* Begin XCBuildConfiguration section */
		80E61C7A22861478006EF07A /* Debug */ = {
			isa = XCBuildConfiguration;
			buildSettings = {
				ALWAYS_SEARCH_USER_PATHS = NO;
				CLANG_ANALYZER_NONNULL = YES;
				CLANG_ANALYZER_NUMBER_OBJECT_CONVERSION = YES_AGGRESSIVE;
				CLANG_CXX_LANGUAGE_STANDARD = "gnu++14";
				CLANG_CXX_LIBRARY = "libc++";
				CLANG_ENABLE_MODULES = YES;
				CLANG_ENABLE_OBJC_ARC = YES;
				CLANG_ENABLE_OBJC_WEAK = YES;
				CLANG_WARN_BLOCK_CAPTURE_AUTORELEASING = YES;
				CLANG_WARN_BOOL_CONVERSION = YES;
				CLANG_WARN_COMMA = YES;
				CLANG_WARN_CONSTANT_CONVERSION = YES;
				CLANG_WARN_DEPRECATED_OBJC_IMPLEMENTATIONS = YES;
				CLANG_WARN_DIRECT_OBJC_ISA_USAGE = YES_ERROR;
				CLANG_WARN_DOCUMENTATION_COMMENTS = YES;
				CLANG_WARN_EMPTY_BODY = YES;
				CLANG_WARN_ENUM_CONVERSION = YES;
				CLANG_WARN_INFINITE_RECURSION = YES;
				CLANG_WARN_INT_CONVERSION = YES;
				CLANG_WARN_NON_LITERAL_NULL_CONVERSION = YES;
				CLANG_WARN_OBJC_IMPLICIT_RETAIN_SELF = YES;
				CLANG_WARN_OBJC_LITERAL_CONVERSION = YES;
				CLANG_WARN_OBJC_ROOT_CLASS = YES_ERROR;
				CLANG_WARN_RANGE_LOOP_ANALYSIS = YES;
				CLANG_WARN_STRICT_PROTOTYPES = YES;
				CLANG_WARN_SUSPICIOUS_MOVE = YES;
				CLANG_WARN_UNGUARDED_AVAILABILITY = YES_AGGRESSIVE;
				CLANG_WARN_UNREACHABLE_CODE = YES;
				CLANG_WARN__DUPLICATE_METHOD_MATCH = YES;
				CODE_SIGN_IDENTITY = "iPhone Developer";
				COPY_PHASE_STRIP = NO;
				DEBUG_INFORMATION_FORMAT = dwarf;
				ENABLE_STRICT_OBJC_MSGSEND = YES;
				ENABLE_TESTABILITY = YES;
				GCC_C_LANGUAGE_STANDARD = gnu11;
				GCC_DYNAMIC_NO_PIC = NO;
				GCC_NO_COMMON_BLOCKS = YES;
				GCC_OPTIMIZATION_LEVEL = 0;
				GCC_PREPROCESSOR_DEFINITIONS = (
					"DEBUG=1",
					"$(inherited)",
				);
				GCC_WARN_64_TO_32_BIT_CONVERSION = YES;
				GCC_WARN_ABOUT_RETURN_TYPE = YES_ERROR;
				GCC_WARN_UNDECLARED_SELECTOR = YES;
				GCC_WARN_UNINITIALIZED_AUTOS = YES_AGGRESSIVE;
				GCC_WARN_UNUSED_FUNCTION = YES;
				GCC_WARN_UNUSED_VARIABLE = YES;
				IPHONEOS_DEPLOYMENT_TARGET = 12.2;
				MTL_ENABLE_DEBUG_INFO = INCLUDE_SOURCE;
				MTL_FAST_MATH = YES;
				ONLY_ACTIVE_ARCH = YES;
				SDKROOT = iphoneos;
				SWIFT_ACTIVE_COMPILATION_CONDITIONS = DEBUG;
				SWIFT_OPTIMIZATION_LEVEL = "-Onone";
			};
			name = Debug;
		};
		80E61C7B22861478006EF07A /* Release */ = {
			isa = XCBuildConfiguration;
			buildSettings = {
				ALWAYS_SEARCH_USER_PATHS = NO;
				CLANG_ANALYZER_NONNULL = YES;
				CLANG_ANALYZER_NUMBER_OBJECT_CONVERSION = YES_AGGRESSIVE;
				CLANG_CXX_LANGUAGE_STANDARD = "gnu++14";
				CLANG_CXX_LIBRARY = "libc++";
				CLANG_ENABLE_MODULES = YES;
				CLANG_ENABLE_OBJC_ARC = YES;
				CLANG_ENABLE_OBJC_WEAK = YES;
				CLANG_WARN_BLOCK_CAPTURE_AUTORELEASING = YES;
				CLANG_WARN_BOOL_CONVERSION = YES;
				CLANG_WARN_COMMA = YES;
				CLANG_WARN_CONSTANT_CONVERSION = YES;
				CLANG_WARN_DEPRECATED_OBJC_IMPLEMENTATIONS = YES;
				CLANG_WARN_DIRECT_OBJC_ISA_USAGE = YES_ERROR;
				CLANG_WARN_DOCUMENTATION_COMMENTS = YES;
				CLANG_WARN_EMPTY_BODY = YES;
				CLANG_WARN_ENUM_CONVERSION = YES;
				CLANG_WARN_INFINITE_RECURSION = YES;
				CLANG_WARN_INT_CONVERSION = YES;
				CLANG_WARN_NON_LITERAL_NULL_CONVERSION = YES;
				CLANG_WARN_OBJC_IMPLICIT_RETAIN_SELF = YES;
				CLANG_WARN_OBJC_LITERAL_CONVERSION = YES;
				CLANG_WARN_OBJC_ROOT_CLASS = YES_ERROR;
				CLANG_WARN_RANGE_LOOP_ANALYSIS = YES;
				CLANG_WARN_STRICT_PROTOTYPES = YES;
				CLANG_WARN_SUSPICIOUS_MOVE = YES;
				CLANG_WARN_UNGUARDED_AVAILABILITY = YES_AGGRESSIVE;
				CLANG_WARN_UNREACHABLE_CODE = YES;
				CLANG_WARN__DUPLICATE_METHOD_MATCH = YES;
				CODE_SIGN_IDENTITY = "iPhone Developer";
				COPY_PHASE_STRIP = NO;
				DEBUG_INFORMATION_FORMAT = "dwarf-with-dsym";
				ENABLE_NS_ASSERTIONS = NO;
				ENABLE_STRICT_OBJC_MSGSEND = YES;
				GCC_C_LANGUAGE_STANDARD = gnu11;
				GCC_NO_COMMON_BLOCKS = YES;
				GCC_WARN_64_TO_32_BIT_CONVERSION = YES;
				GCC_WARN_ABOUT_RETURN_TYPE = YES_ERROR;
				GCC_WARN_UNDECLARED_SELECTOR = YES;
				GCC_WARN_UNINITIALIZED_AUTOS = YES_AGGRESSIVE;
				GCC_WARN_UNUSED_FUNCTION = YES;
				GCC_WARN_UNUSED_VARIABLE = YES;
				IPHONEOS_DEPLOYMENT_TARGET = 12.2;
				MTL_ENABLE_DEBUG_INFO = NO;
				MTL_FAST_MATH = YES;
				SDKROOT = iphoneos;
				SWIFT_COMPILATION_MODE = wholemodule;
				SWIFT_OPTIMIZATION_LEVEL = "-O";
				VALIDATE_PRODUCT = YES;
			};
			name = Release;
		};
		80E61C7D22861478006EF07A /* Debug */ = {
			isa = XCBuildConfiguration;
			buildSettings = {
				ASSETCATALOG_COMPILER_APPICON_NAME = AppIcon;
				CODE_SIGN_IDENTITY = "iPhone Developer";
				CODE_SIGN_STYLE = Automatic;
				DEVELOPMENT_TEAM = DY5TQRS9AD;
				INFOPLIST_FILE = thisisfinal/Info.plist;
				IPHONEOS_DEPLOYMENT_TARGET = 12.2;
				LD_RUNPATH_SEARCH_PATHS = (
					"$(inherited)",
					"@executable_path/Frameworks",
				);
				PRODUCT_BUNDLE_IDENTIFIER = .com.watashiha.bluebird;
				PRODUCT_NAME = "$(TARGET_NAME)";
				PROVISIONING_PROFILE_SPECIFIER = "";
				SWIFT_VERSION = 5.0;
				TARGETED_DEVICE_FAMILY = 1;
			};
			name = Debug;
		};
		80E61C7E22861478006EF07A /* Release */ = {
			isa = XCBuildConfiguration;
			buildSettings = {
				ASSETCATALOG_COMPILER_APPICON_NAME = AppIcon;
				CODE_SIGN_IDENTITY = "iPhone Developer";
				CODE_SIGN_STYLE = Automatic;
				DEVELOPMENT_TEAM = DY5TQRS9AD;
				INFOPLIST_FILE = thisisfinal/Info.plist;
				IPHONEOS_DEPLOYMENT_TARGET = 12.2;
				LD_RUNPATH_SEARCH_PATHS = (
					"$(inherited)",
					"@executable_path/Frameworks",
				);
				PRODUCT_BUNDLE_IDENTIFIER = .com.watashiha.bluebird;
				PRODUCT_NAME = "$(TARGET_NAME)";
				PROVISIONING_PROFILE_SPECIFIER = "";
				SWIFT_VERSION = 5.0;
				TARGETED_DEVICE_FAMILY = 1;
			};
			name = Release;
		};
/* End XCBuildConfiguration section */

/* Begin XCConfigurationList section */
		80E61C6522861474006EF07A /* Build configuration list for PBXProject "thisisfinal" */ = {
			isa = XCConfigurationList;
			buildConfigurations = (
				80E61C7A22861478006EF07A /* Debug */,
				80E61C7B22861478006EF07A /* Release */,
			);
			defaultConfigurationIsVisible = 0;
			defaultConfigurationName = Release;
		};
		80E61C7C22861478006EF07A /* Build configuration list for PBXNativeTarget "thisisfinal" */ = {
			isa = XCConfigurationList;
			buildConfigurations = (
				80E61C7D22861478006EF07A /* Debug */,
				80E61C7E22861478006EF07A /* Release */,
			);
			defaultConfigurationIsVisible = 0;
			defaultConfigurationName = Release;
		};
/* End XCConfigurationList section */
	};
	rootObject = 80E61C6222861474006EF07A /* Project object */;
}
